
Microsoft Visual Studio Solution File, Format Version 12.00
# Visual Studio Version 16
VisualStudioVersion = 16.0.29509.3
MinimumVisualStudioVersion = 10.0.40219.1
Project("{9A19103F-16F7-4668-BE54-9A1E7A4F7556}") = "Mav.Core", "..\Mav\Mav.Core\Mav.Core.csproj", "{F7563D98-0496-4AC5-9E4C-EB6E80AEA7A7}"
EndProject
Project("{FAE04EC0-301F-11D3-BF4B-00C04F79EFBC}") = "MavToDo.Business", "MavToDo.Business\MavToDo.Business.csproj", "{ABECF75C-925B-4D7A-B3B4-FB8045227503}"
EndProject
Project("{FAE04EC0-301F-11D3-BF4B-00C04F79EFBC}") = "MavToDo.DataAccess", "MavToDo.DataAccess\MavToDo.DataAccess.csproj", "{DD0F680B-9E1F-414B-9F03-FA164F45ECCB}"
EndProject
Project("{FAE04EC0-301F-11D3-BF4B-00C04F79EFBC}") = "MavToDo.Entities", "MavToDo.Entities\MavToDo.Entities.csproj", "{B0A30D12-673D-4792-BCDE-CE243667C53A}"
EndProject
Project("{FAE04EC0-301F-11D3-BF4B-00C04F79EFBC}") = "MavToDo.MVCWebUI", "MavToDo.MVCWebUI\MavToDo.MVCWebUI.csproj", "{97E1A811-E22C-4C4D-816F-B6672A76D017}"
EndProject
Global
	GlobalSection(SolutionConfigurationPlatforms) = preSolution
		Debug|Any CPU = Debug|Any CPU
		Release|Any CPU = Release|Any CPU
	EndGlobalSection
	GlobalSection(ProjectConfigurationPlatforms) = postSolution
		{F7563D98-0496-4AC5-9E4C-EB6E80AEA7A7}.Debug|Any CPU.ActiveCfg = Debug|Any CPU
		{F7563D98-0496-4AC5-9E4C-EB6E80AEA7A7}.Debug|Any CPU.Build.0 = Debug|Any CPU
		{F7563D98-0496-4AC5-9E4C-EB6E80AEA7A7}.Release|Any CPU.ActiveCfg = Release|Any CPU
		{F7563D98-0496-4AC5-9E4C-EB6E80AEA7A7}.Release|Any CPU.Build.0 = Release|Any CPU
		{ABECF75C-925B-4D7A-B3B4-FB8045227503}.Debug|Any CPU.ActiveCfg = Debug|Any CPU
		{ABECF75C-925B-4D7A-B3B4-FB8045227503}.Debug|Any CPU.Build.0 = Debug|Any CPU
		{ABECF75C-925B-4D7A-B3B4-FB8045227503}.Release|Any CPU.ActiveCfg = Release|Any CPU
		{ABECF75C-925B-4D7A-B3B4-FB8045227503}.Release|Any CPU.Build.0 = Release|Any CPU
		{DD0F680B-9E1F-414B-9F03-FA164F45ECCB}.Debug|Any CPU.ActiveCfg = Debug|Any CPU
		{DD0F680B-9E1F-414B-9F03-FA164F45ECCB}.Debug|Any CPU.Build.0 = Debug|Any CPU
		{DD0F680B-9E1F-414B-9F03-FA164F45ECCB}.Release|Any CPU.ActiveCfg = Release|Any CPU
		{DD0F680B-9E1F-414B-9F03-FA164F45ECCB}.Release|Any CPU.Build.0 = Release|Any CPU
		{B0A30D12-673D-4792-BCDE-CE243667C53A}.Debug|Any CPU.ActiveCfg = Debug|Any CPU
		{B0A30D12-673D-4792-BCDE-CE243667C53A}.Debug|Any CPU.Build.0 = Debug|Any CPU
		{B0A30D12-673D-4792-BCDE-CE243667C53A}.Release|Any CPU.ActiveCfg = Release|Any CPU
		{B0A30D12-673D-4792-BCDE-CE243667C53A}.Release|Any CPU.Build.0 = Release|Any CPU
		{97E1A811-E22C-4C4D-816F-B6672A76D017}.Debug|Any CPU.ActiveCfg = Debug|Any CPU
		{97E1A811-E22C-4C4D-816F-B6672A76D017}.Debug|Any CPU.Build.0 = Debug|Any CPU
		{97E1A811-E22C-4C4D-816F-B6672A76D017}.Release|Any CPU.ActiveCfg = Release|Any CPU
		{97E1A811-E22C-4C4D-816F-B6672A76D017}.Release|Any CPU.Build.0 = Release|Any CPU
	EndGlobalSection
	GlobalSection(SolutionProperties) = preSolution
		HideSolutionNode = FALSE
	EndGlobalSection
	GlobalSection(ExtensibilityGlobals) = postSolution
		SolutionGuid = {8CD45102-33FE-4CA0-A274-091B996B7A03}
	EndGlobalSection
EndGlobal
